
Microsoft Visual Studio Solution File, Format Version 12.00
# Visual Studio Version 17
VisualStudioVersion = 17.1.32414.318
MinimumVisualStudioVersion = 10.0.40219.1
Project("{FAE04EC0-301F-11D3-BF4B-00C04F79EFBC}") = "KarenService", "KarenService\KarenService.csproj", "{D7AED2CE-C3EE-4B74-A279-6E5E74DD9EDC}"
EndProject
Global
	GlobalSection(SolutionConfigurationPlatforms) = preSolution
		Debug|Any CPU = Debug|Any CPU
		Release|Any CPU = Release|Any CPU
	EndGlobalSection
	GlobalSection(ProjectConfigurationPlatforms) = postSolution
		{D7AED2CE-C3EE-4B74-A279-6E5E74DD9EDC}.Debug|Any CPU.ActiveCfg = Debug|Any CPU
		{D7AED2CE-C3EE-4B74-A279-6E5E74DD9EDC}.Debug|Any CPU.Build.0 = Debug|Any CPU
		{D7AED2CE-C3EE-4B74-A279-6E5E74DD9EDC}.Release|Any CPU.ActiveCfg = Release|Any CPU
		{D7AED2CE-C3EE-4B74-A279-6E5E74DD9EDC}.Release|Any CPU.Build.0 = Release|Any CPU
	EndGlobalSection
	GlobalSection(SolutionProperties) = preSolution
		HideSolutionNode = FALSE
	EndGlobalSection
	GlobalSection(ExtensibilityGlobals) = postSolution
		SolutionGuid = {CF74A8EC-461C-4711-A8A2-841B5F28A638}
	EndGlobalSection
EndGlobal
